dependencies:
  '@types/react': 18.0.11
  '@types/react-dom': 18.0.5
  eslint-config-react-app: 6.0.0
  esm: 3.2.25
  react: 18.1.0
  react-dom: 18.1.0_react@18.1.0
lockfileVersion: 5.1
packages:
  /@types/prop-types/15.7.5:
    dev: false
    resolution:
      integrity: sha512-JCB8C6SnDoQf0cNycqd/35A7MjcnK+ZTqE7judS6o7utxUCg6imJg3QK2qzHKszlTjcj2cn+NwMB2i96ubpj7w==
  /@types/react-dom/18.0.5:
    dependencies:
      '@types/react': 18.0.11
    dev: false
    resolution:
      integrity: sha512-OWPWTUrY/NIrjsAPkAk1wW9LZeIjSvkXRhclsFO8CZcZGCOg2G0YZy4ft+rOyYxy8B7ui5iZzi9OkDebZ7/QSA==
  /@types/react/18.0.11:
    dependencies:
      '@types/prop-types': 15.7.5
      '@types/scheduler': 0.16.2
      csstype: 3.1.0
    dev: false
    resolution:
      integrity: sha512-JxSwm54IgMW4XTR+zFF5QpNx4JITmFbB4WHR2J0vg9RpjNeyqEMlODXsD2e64br6GX70TL0UYjZJETpyyC1WdA==
  /@types/scheduler/0.16.2:
    dev: false
    resolution:
      integrity: sha512-hppQEBDmlwhFAXKJX2KnWLYu5yMfi91yazPb2l+lbJiwW+wdo1gNeRA+3RgNSO39WYX2euey41KEwnqesU2Jew==
  /confusing-browser-globals/1.0.11:
    dev: false
    resolution:
      integrity: sha512-JsPKdmh8ZkmnHxDk55FZ1TqVLvEQTvoByJZRN9jzI0UjxK/QgAmsphz7PGtqgPieQZ/CQcHWXCR7ATDNhGe+YA==
  /csstype/3.1.0:
    dev: false
    resolution:
      integrity: sha512-uX1KG+x9h5hIJsaKR9xHUeUraxf8IODOwq9JLNPq6BwB04a/xgpq3rcx47l5BZu5zBPlgD342tdke3Hom/nJRA==
  /eslint-config-react-app/6.0.0:
    dependencies:
      confusing-browser-globals: 1.0.11
    dev: false
    engines:
      node: ^10.12.0 || >=12.0.0
    peerDependencies:
      '@typescript-eslint/eslint-plugin': ^4.0.0
      '@typescript-eslint/parser': ^4.0.0
      babel-eslint: ^10.0.0
      eslint: ^7.5.0
      eslint-plugin-flowtype: ^5.2.0
      eslint-plugin-import: ^2.22.0
      eslint-plugin-jest: ^24.0.0
      eslint-plugin-jsx-a11y: ^6.3.1
      eslint-plugin-react: ^7.20.3
      eslint-plugin-react-hooks: ^4.0.8
      eslint-plugin-testing-library: ^3.9.0
    peerDependenciesMeta:
      eslint-plugin-jest:
        optional: true
      eslint-plugin-testing-library:
        optional: true
    resolution:
      integrity: sha512-bpoAAC+YRfzq0dsTk+6v9aHm/uqnDwayNAXleMypGl6CpxI9oXXscVHo4fk3eJPIn+rsbtNetB4r/ZIidFIE8A==
  /esm/3.2.25:
    dev: false
    engines:
      node: '>=6'
    resolution:
      integrity: sha512-U1suiZ2oDVWv4zPO56S0NcR5QriEahGtdN2OR6FiOG4WJvcjBVFB0qI4+eKoWFH483PKGuLuu6V8Z4T5g63UVA==
  /js-tokens/4.0.0:
    dev: false
    resolution:
      integrity: sha512-RdJUflcE3cUzKiMqQgsCu06FPu9UdIJO0beYbPhHN4k6apgJtifcoCtT9bcxOpYBtpD2kCM6Sbzg4CausW/PKQ==
  /loose-envify/1.4.0:
    dependencies:
      js-tokens: 4.0.0
    dev: false
    hasBin: true
    resolution:
      integrity: sha512-lyuxPGr/Wfhrlem2CL/UcnUc1zcqKAImBDzukY7Y5F/yQiNdko6+fRLevlw1HgMySw7f611UIY408EtxRSoK3Q==
  /react-dom/18.1.0_react@18.1.0:
    dependencies:
      loose-envify: 1.4.0
      react: 18.1.0
      scheduler: 0.22.0
    dev: false
    peerDependencies:
      react: ^18.1.0
    resolution:
      integrity: sha512-fU1Txz7Budmvamp7bshe4Zi32d0ll7ect+ccxNu9FlObT605GOEB8BfO4tmRJ39R5Zj831VCpvQ05QPBW5yb+w==
  /react/18.1.0:
    dependencies:
      loose-envify: 1.4.0
    dev: false
    engines:
      node: '>=0.10.0'
    resolution:
      integrity: sha512-4oL8ivCz5ZEPyclFQXaNksK3adutVS8l2xzZU0cqEFrE9Sb7fC0EFK5uEk74wIreL1DERyjvsU915j1pcT2uEQ==
  /scheduler/0.22.0:
    dependencies:
      loose-envify: 1.4.0
    dev: false
    resolution:
      integrity: sha512-6QAm1BgQI88NPYymgGQLCZgvep4FyePDWFpXVK+zNSUgHwlqpJy8VEh8Et0KxTACS4VWwMousBElAZOH9nkkoQ==
specifiers:
  '@types/react': ^18.0.10
  '@types/react-dom': ^18.0.5
  eslint-config-react-app: ^6.0.0
  esm: ^3.2.25
  react: ^18.1.0
  react-dom: ^18.1.0
